# This file was autogenerated by uv via the following command:
#    uv pip compile pyproject.toml -o requirements.lock
alembic==1.19.2
    # via equity-research-agent (pyproject.toml)
annotated-doc==0.0.5
    # via fastapi
annotated-types==0.8.0
    # via pydantic
anyio==4.15.1
    # via
    #   httpx
    #   httpx2
    #   langsmith
    #   openai
    #   starlette
    #   watchfiles
argon2-cffi==25.1.0
    # via pwdlib
argon2-cffi-bindings==26.1.0
    # via argon2-cffi
arq==0.28.0
    # via equity-research-agent (pyproject.toml)
asyncpg==0.31.0
    # via equity-research-agent (pyproject.toml)
bcrypt==5.0.0
    # via pwdlib
beautifulsoup4==4.15.0
    # via yfinance
certifi==2026.7.22
    # via
    #   curl-cffi
    #   httpcore
    #   httpx
    #   requests
    #   sentry-sdk
cffi==2.1.1
    # via
    #   argon2-cffi-bindings
    #   cryptography
    #   curl-cffi
charset-normalizer==3.5.1
    # via
    #   reportlab
    #   requests
click==8.5.0
    # via
    #   arq
    #   uvicorn
cryptography==50.0.1
    # via pyjwt
curl-cffi==0.16.3
    # via yfinance
distro==1.9.0
    # via langsmith
dnspython==2.8.0
    # via email-validator
email-validator==2.3.0
    # via fastapi-users
fastapi==0.141.1
    # via
    #   equity-research-agent (pyproject.toml)
    #   fastapi-users
    #   sentry-sdk
fastapi-users==15.0.5
    # via
    #   equity-research-agent (pyproject.toml)
    #   fastapi-users-db-sqlalchemy
fastapi-users-db-sqlalchemy==7.0.0
    # via fastapi-users
greenlet==3.5.5
    # via
    #   equity-research-agent (pyproject.toml)
    #   sqlalchemy
h11==0.16.0
    # via
    #   httpcore
    #   httpcore2
    #   uvicorn
hiredis==3.4.1
    # via redis
httpcore==1.0.9
    # via httpx
httpcore2==2.12.0
    # via httpx2
httptools==0.8.0
    # via uvicorn
httpx==0.28.1
    # via
    #   equity-research-agent (pyproject.toml)
    #   httpx-oauth
    #   langchain-core
    #   langgraph-sdk
httpx-oauth==0.17.0
    # via fastapi-users
httpx2==2.12.0
    # via
    #   langsmith
    #   openai
idna==3.19
    # via
    #   anyio
    #   email-validator
    #   httpx
    #   httpx2
    #   requests
jiter==0.16.0
    # via openai
jsonpatch==1.33
    # via langchain-core
jsonpointer==3.1.1
    # via jsonpatch
langchain-core==1.6.2
    # via
    #   langgraph
    #   langgraph-checkpoint
    #   langgraph-prebuilt
    #   langgraph-sdk
langchain-protocol==0.0.19
    # via
    #   langchain-core
    #   langgraph-sdk
langgraph==1.2.11
    # via equity-research-agent (pyproject.toml)
langgraph-checkpoint==4.2.0
    # via
    #   langgraph
    #   langgraph-prebuilt
langgraph-prebuilt==1.1.0
    # via langgraph
langgraph-sdk==0.4.4
    # via langgraph
langsmith==0.12.4
    # via langchain-core
lxml==6.1.3
    # via yfinance
makefun==1.16.0
    # via fastapi-users
mako==1.4.1
    # via alembic
markupsafe==3.0.3
    # via mako
multitasking==0.0.13
    # via yfinance
numpy==2.5.3
    # via
    #   equity-research-agent (pyproject.toml)
    #   pandas
    #   yfinance
openai==3.13.0
    # via equity-research-agent (pyproject.toml)
orjson==3.12.0
    # via
    #   langgraph-sdk
    #   langsmith
ormsgpack==1.12.2
    # via langgraph-checkpoint
packaging==26.3
    # via
    #   langchain-core
    #   langsmith
pandas==3.0.5
    # via
    #   equity-research-agent (pyproject.toml)
    #   yfinance
peewee==4.5.1
    # via yfinance
pgvector==0.5.0
    # via equity-research-agent (pyproject.toml)
pillow==12.3.0
    # via reportlab
platformdirs==4.11.8
    # via yfinance
protobuf==7.36.1
    # via yfinance
pwdlib==0.3.0
    # via fastapi-users
pycparser==3.0
    # via cffi
pydantic==2.13.5
    # via
    #   equity-research-agent (pyproject.toml)
    #   fastapi
    #   langchain-core
    #   langgraph
    #   langsmith
    #   openai
    #   pydantic-settings
pydantic-core==2.46.5
    # via pydantic
pydantic-settings==2.15.0
    # via equity-research-agent (pyproject.toml)
pyjwt==2.13.0
    # via
    #   fastapi-users
    #   redis
python-dateutil==2.9.0.post0
    # via
    #   equity-research-agent (pyproject.toml)
    #   pandas
python-dotenv==1.2.3
    # via
    #   pydantic-settings
    #   uvicorn
python-multipart==0.0.32
    # via
    #   equity-research-agent (pyproject.toml)
    #   fastapi-users
pytz==2026.3.post1
    # via yfinance
pyyaml==6.0.3
    # via
    #   equity-research-agent (pyproject.toml)
    #   langchain-core
    #   uvicorn
redis==5.3.1
    # via
    #   equity-research-agent (pyproject.toml)
    #   arq
reportlab==5.0.1
    # via equity-research-agent (pyproject.toml)
requests==2.34.2
    # via
    #   langsmith
    #   requests-toolbelt
    #   yfinance
requests-toolbelt==1.0.0
    # via langsmith
sentry-sdk==2.70.0
    # via equity-research-agent (pyproject.toml)
six==1.17.0
    # via python-dateutil
sniffio==1.3.1
    # via
    #   langsmith
    #   openai
soupsieve==2.9.2
    # via beautifulsoup4
sqlalchemy==2.0.52
    # via
    #   equity-research-agent (pyproject.toml)
    #   alembic
    #   fastapi-users-db-sqlalchemy
starlette==1.6.0
    # via fastapi
tenacity==9.1.4
    # via langchain-core
truststore==0.10.4
    # via
    #   httpcore2
    #   httpx2
typing-extensions==4.16.0
    # via
    #   alembic
    #   anyio
    #   beautifulsoup4
    #   fastapi
    #   httpx2
    #   langchain-core
    #   langchain-protocol
    #   langsmith
    #   openai
    #   pydantic
    #   pydantic-core
    #   sqlalchemy
    #   starlette
    #   typing-inspection
typing-inspection==0.4.4
    # via
    #   fastapi
    #   pydantic
    #   pydantic-settings
urllib3==2.7.0
    # via
    #   requests
    #   sentry-sdk
uuid-utils==0.17.1
    # via
    #   langchain-core
    #   langsmith
uvicorn==0.52.4
    # via equity-research-agent (pyproject.toml)
uvloop==0.22.1
    # via uvicorn
watchfiles==1.2.0
    # via uvicorn
websockets==16.1.1
    # via
    #   langgraph-sdk
    #   langsmith
    #   uvicorn
    #   yfinance
xxhash==4.0.1
    # via
    #   langgraph
    #   langsmith
yfinance==1.7.0
    # via equity-research-agent (pyproject.toml)
zstandard==0.25.0
    # via langsmith
